
Microsoft Visual Studio Solution File, Format Version 12.00
# Visual Studio Version 16
VisualStudioVersion = 16.0.29806.167
MinimumVisualStudioVersion = 10.0.40219.1
Project("{9A19103F-16F7-4668-BE54-9A1E7A4F7556}") = "Purchase.CoreApp", "Purchase.CoreApp\Purchase.CoreApp.csproj", "{3E56C75A-C5BB-4C12-BA36-3527B39DFCB1}"
EndProject
Project("{FAE04EC0-301F-11D3-BF4B-00C04F79EFBC}") = "SkypeDemo", "SkypeDemo\SkypeDemo.csproj", "{EE07B50A-EB62-43B8-9C85-1D4A4943887C}"
EndProject
Project("{FAE04EC0-301F-11D3-BF4B-00C04F79EFBC}") = "ResizeableDemo", "ResizableDemo\ResizeableDemo.csproj", "{85A6A28E-B130-489B-9F5F-7C7BFC19546D}"
EndProject
Project("{FAE04EC0-301F-11D3-BF4B-00C04F79EFBC}") = "CustomerAlterBoxDemo", "CustomerAlterBoxDemo\CustomerAlterBoxDemo.csproj", "{39B50C3E-394C-40AC-8579-C5EF2C7AA01E}"
EndProject
Project("{FAE04EC0-301F-11D3-BF4B-00C04F79EFBC}") = "RecordScreenDemo", "RecordScreenDemo\RecordScreenDemo.csproj", "{C69F5A6B-726A-4E1C-8FD3-611D2139A181}"
EndProject
Project("{FAE04EC0-301F-11D3-BF4B-00C04F79EFBC}") = "UserControlDemo", "UserControlDemo\UserControlDemo.csproj", "{C27FE51F-3EF8-497E-80C3-149A21343A5A}"
EndProject
Project("{FAE04EC0-301F-11D3-BF4B-00C04F79EFBC}") = "ElipseTool", "ElipseTool\ElipseTool.csproj", "{75B70372-57B3-4215-A4CC-AC5DBD9F2D12}"
EndProject
Project("{FAE04EC0-301F-11D3-BF4B-00C04F79EFBC}") = "DragControlDemo", "DragControlDemo\DragControlDemo.csproj", "{54C833E5-EFF9-4035-88C0-8E92DE83CF3A}"
EndProject
Project("{FAE04EC0-301F-11D3-BF4B-00C04F79EFBC}") = "GradientPanelDemo", "GradientPanelDemo\GradientPanelDemo.csproj", "{441D19EC-BCC2-45A3-9F39-07C66BCB7EF6}"
EndProject
Project("{FAE04EC0-301F-11D3-BF4B-00C04F79EFBC}") = "RoundButtonDemo", "RoundButtonDemo\RoundButtonDemo.csproj", "{F2CCDC22-1D2F-4655-8CE0-FD16642E9A34}"
EndProject
Project("{FAE04EC0-301F-11D3-BF4B-00C04F79EFBC}") = "ModernDashboardDemo", "ModernDashboardDemo\ModernDashboardDemo.csproj", "{E8E6C62C-E72C-493A-9E80-1FBC8A491B00}"
EndProject
Project("{FAE04EC0-301F-11D3-BF4B-00C04F79EFBC}") = "CustomerControl", "CustomerControl\CustomerControl.csproj", "{2B9F1477-A21E-4D9A-9967-B663ECE25594}"
EndProject
Project("{FAE04EC0-301F-11D3-BF4B-00C04F79EFBC}") = "MultiColoredModernUI", "MultiColoredModernUI\MultiColoredModernUI.csproj", "{6B6DFD1B-8A3C-4F66-A3B0-E4EB21F83A3C}"
EndProject
Project("{FAE04EC0-301F-11D3-BF4B-00C04F79EFBC}") = "DropdownPanelDemo", "DropdownPanelDemo\DropdownPanelDemo.csproj", "{58D37342-F1ED-4E55-A274-55952FA1AB8D}"
EndProject
Project("{FAE04EC0-301F-11D3-BF4B-00C04F79EFBC}") = "BookShopDemo", "BookShopDemo\BookShopDemo.csproj", "{CAC43444-21EA-4395-B59C-E347F857BE8D}"
EndProject
Global
	GlobalSection(SolutionConfigurationPlatforms) = preSolution
		Debug|Any CPU = Debug|Any CPU
		Debug|x86 = Debug|x86
		Release|Any CPU = Release|Any CPU
		Release|x86 = Release|x86
	EndGlobalSection
	GlobalSection(ProjectConfigurationPlatforms) = postSolution
		{3E56C75A-C5BB-4C12-BA36-3527B39DFCB1}.Debug|Any CPU.ActiveCfg = Debug|Any CPU
		{3E56C75A-C5BB-4C12-BA36-3527B39DFCB1}.Debug|Any CPU.Build.0 = Debug|Any CPU
		{3E56C75A-C5BB-4C12-BA36-3527B39DFCB1}.Debug|x86.ActiveCfg = Debug|Any CPU
		{3E56C75A-C5BB-4C12-BA36-3527B39DFCB1}.Release|Any CPU.ActiveCfg = Release|Any CPU
		{3E56C75A-C5BB-4C12-BA36-3527B39DFCB1}.Release|Any CPU.Build.0 = Release|Any CPU
		{3E56C75A-C5BB-4C12-BA36-3527B39DFCB1}.Release|x86.ActiveCfg = Release|Any CPU
		{EE07B50A-EB62-43B8-9C85-1D4A4943887C}.Debug|Any CPU.ActiveCfg = Debug|Any CPU
		{EE07B50A-EB62-43B8-9C85-1D4A4943887C}.Debug|Any CPU.Build.0 = Debug|Any CPU
		{EE07B50A-EB62-43B8-9C85-1D4A4943887C}.Debug|x86.ActiveCfg = Debug|Any CPU
		{EE07B50A-EB62-43B8-9C85-1D4A4943887C}.Release|Any CPU.ActiveCfg = Release|Any CPU
		{EE07B50A-EB62-43B8-9C85-1D4A4943887C}.Release|Any CPU.Build.0 = Release|Any CPU
		{EE07B50A-EB62-43B8-9C85-1D4A4943887C}.Release|x86.ActiveCfg = Release|Any CPU
		{85A6A28E-B130-489B-9F5F-7C7BFC19546D}.Debug|Any CPU.ActiveCfg = Debug|Any CPU
		{85A6A28E-B130-489B-9F5F-7C7BFC19546D}.Debug|Any CPU.Build.0 = Debug|Any CPU
		{85A6A28E-B130-489B-9F5F-7C7BFC19546D}.Debug|x86.ActiveCfg = Debug|Any CPU
		{85A6A28E-B130-489B-9F5F-7C7BFC19546D}.Release|Any CPU.ActiveCfg = Release|Any CPU
		{85A6A28E-B130-489B-9F5F-7C7BFC19546D}.Release|Any CPU.Build.0 = Release|Any CPU
		{85A6A28E-B130-489B-9F5F-7C7BFC19546D}.Release|x86.ActiveCfg = Release|Any CPU
		{39B50C3E-394C-40AC-8579-C5EF2C7AA01E}.Debug|Any CPU.ActiveCfg = Debug|Any CPU
		{39B50C3E-394C-40AC-8579-C5EF2C7AA01E}.Debug|Any CPU.Build.0 = Debug|Any CPU
		{39B50C3E-394C-40AC-8579-C5EF2C7AA01E}.Debug|x86.ActiveCfg = Debug|Any CPU
		{39B50C3E-394C-40AC-8579-C5EF2C7AA01E}.Release|Any CPU.ActiveCfg = Release|Any CPU
		{39B50C3E-394C-40AC-8579-C5EF2C7AA01E}.Release|Any CPU.Build.0 = Release|Any CPU
		{39B50C3E-394C-40AC-8579-C5EF2C7AA01E}.Release|x86.ActiveCfg = Release|Any CPU
		{C69F5A6B-726A-4E1C-8FD3-611D2139A181}.Debug|Any CPU.ActiveCfg = Debug|Any CPU
		{C69F5A6B-726A-4E1C-8FD3-611D2139A181}.Debug|Any CPU.Build.0 = Debug|Any CPU
		{C69F5A6B-726A-4E1C-8FD3-611D2139A181}.Debug|x86.ActiveCfg = Debug|x86
		{C69F5A6B-726A-4E1C-8FD3-611D2139A181}.Debug|x86.Build.0 = Debug|x86
		{C69F5A6B-726A-4E1C-8FD3-611D2139A181}.Release|Any CPU.ActiveCfg = Release|Any CPU
		{C69F5A6B-726A-4E1C-8FD3-611D2139A181}.Release|Any CPU.Build.0 = Release|Any CPU
		{C69F5A6B-726A-4E1C-8FD3-611D2139A181}.Release|x86.ActiveCfg = Release|x86
		{C69F5A6B-726A-4E1C-8FD3-611D2139A181}.Release|x86.Build.0 = Release|x86
		{C27FE51F-3EF8-497E-80C3-149A21343A5A}.Debug|Any CPU.ActiveCfg = Debug|Any CPU
		{C27FE51F-3EF8-497E-80C3-149A21343A5A}.Debug|Any CPU.Build.0 = Debug|Any CPU
		{C27FE51F-3EF8-497E-80C3-149A21343A5A}.Debug|x86.ActiveCfg = Debug|Any CPU
		{C27FE51F-3EF8-497E-80C3-149A21343A5A}.Debug|x86.Build.0 = Debug|Any CPU
		{C27FE51F-3EF8-497E-80C3-149A21343A5A}.Release|Any CPU.ActiveCfg = Release|Any CPU
		{C27FE51F-3EF8-497E-80C3-149A21343A5A}.Release|Any CPU.Build.0 = Release|Any CPU
		{C27FE51F-3EF8-497E-80C3-149A21343A5A}.Release|x86.ActiveCfg = Release|Any CPU
		{C27FE51F-3EF8-497E-80C3-149A21343A5A}.Release|x86.Build.0 = Release|Any CPU
		{75B70372-57B3-4215-A4CC-AC5DBD9F2D12}.Debug|Any CPU.ActiveCfg = Debug|Any CPU
		{75B70372-57B3-4215-A4CC-AC5DBD9F2D12}.Debug|Any CPU.Build.0 = Debug|Any CPU
		{75B70372-57B3-4215-A4CC-AC5DBD9F2D12}.Debug|x86.ActiveCfg = Debug|Any CPU
		{75B70372-57B3-4215-A4CC-AC5DBD9F2D12}.Debug|x86.Build.0 = Debug|Any CPU
		{75B70372-57B3-4215-A4CC-AC5DBD9F2D12}.Release|Any CPU.ActiveCfg = Release|Any CPU
		{75B70372-57B3-4215-A4CC-AC5DBD9F2D12}.Release|Any CPU.Build.0 = Release|Any CPU
		{75B70372-57B3-4215-A4CC-AC5DBD9F2D12}.Release|x86.ActiveCfg = Release|Any CPU
		{75B70372-57B3-4215-A4CC-AC5DBD9F2D12}.Release|x86.Build.0 = Release|Any CPU
		{54C833E5-EFF9-4035-88C0-8E92DE83CF3A}.Debug|Any CPU.ActiveCfg = Debug|Any CPU
		{54C833E5-EFF9-4035-88C0-8E92DE83CF3A}.Debug|Any CPU.Build.0 = Debug|Any CPU
		{54C833E5-EFF9-4035-88C0-8E92DE83CF3A}.Debug|x86.ActiveCfg = Debug|Any CPU
		{54C833E5-EFF9-4035-88C0-8E92DE83CF3A}.Debug|x86.Build.0 = Debug|Any CPU
		{54C833E5-EFF9-4035-88C0-8E92DE83CF3A}.Release|Any CPU.ActiveCfg = Release|Any CPU
		{54C833E5-EFF9-4035-88C0-8E92DE83CF3A}.Release|Any CPU.Build.0 = Release|Any CPU
		{54C833E5-EFF9-4035-88C0-8E92DE83CF3A}.Release|x86.ActiveCfg = Release|Any CPU
		{54C833E5-EFF9-4035-88C0-8E92DE83CF3A}.Release|x86.Build.0 = Release|Any CPU
		{441D19EC-BCC2-45A3-9F39-07C66BCB7EF6}.Debug|Any CPU.ActiveCfg = Debug|Any CPU
		{441D19EC-BCC2-45A3-9F39-07C66BCB7EF6}.Debug|Any CPU.Build.0 = Debug|Any CPU
		{441D19EC-BCC2-45A3-9F39-07C66BCB7EF6}.Debug|x86.ActiveCfg = Debug|Any CPU
		{441D19EC-BCC2-45A3-9F39-07C66BCB7EF6}.Debug|x86.Build.0 = Debug|Any CPU
		{441D19EC-BCC2-45A3-9F39-07C66BCB7EF6}.Release|Any CPU.ActiveCfg = Release|Any CPU
		{441D19EC-BCC2-45A3-9F39-07C66BCB7EF6}.Release|Any CPU.Build.0 = Release|Any CPU
		{441D19EC-BCC2-45A3-9F39-07C66BCB7EF6}.Release|x86.ActiveCfg = Release|Any CPU
		{441D19EC-BCC2-45A3-9F39-07C66BCB7EF6}.Release|x86.Build.0 = Release|Any CPU
		{F2CCDC22-1D2F-4655-8CE0-FD16642E9A34}.Debug|Any CPU.ActiveCfg = Debug|Any CPU
		{F2CCDC22-1D2F-4655-8CE0-FD16642E9A34}.Debug|Any CPU.Build.0 = Debug|Any CPU
		{F2CCDC22-1D2F-4655-8CE0-FD16642E9A34}.Debug|x86.ActiveCfg = Debug|Any CPU
		{F2CCDC22-1D2F-4655-8CE0-FD16642E9A34}.Debug|x86.Build.0 = Debug|Any CPU
		{F2CCDC22-1D2F-4655-8CE0-FD16642E9A34}.Release|Any CPU.ActiveCfg = Release|Any CPU
		{F2CCDC22-1D2F-4655-8CE0-FD16642E9A34}.Release|Any CPU.Build.0 = Release|Any CPU
		{F2CCDC22-1D2F-4655-8CE0-FD16642E9A34}.Release|x86.ActiveCfg = Release|Any CPU
		{F2CCDC22-1D2F-4655-8CE0-FD16642E9A34}.Release|x86.Build.0 = Release|Any CPU
		{E8E6C62C-E72C-493A-9E80-1FBC8A491B00}.Debug|Any CPU.ActiveCfg = Debug|Any CPU
		{E8E6C62C-E72C-493A-9E80-1FBC8A491B00}.Debug|Any CPU.Build.0 = Debug|Any CPU
		{E8E6C62C-E72C-493A-9E80-1FBC8A491B00}.Debug|x86.ActiveCfg = Debug|Any CPU
		{E8E6C62C-E72C-493A-9E80-1FBC8A491B00}.Debug|x86.Build.0 = Debug|Any CPU
		{E8E6C62C-E72C-493A-9E80-1FBC8A491B00}.Release|Any CPU.ActiveCfg = Release|Any CPU
		{E8E6C62C-E72C-493A-9E80-1FBC8A491B00}.Release|Any CPU.Build.0 = Release|Any CPU
		{E8E6C62C-E72C-493A-9E80-1FBC8A491B00}.Release|x86.ActiveCfg = Release|Any CPU
		{E8E6C62C-E72C-493A-9E80-1FBC8A491B00}.Release|x86.Build.0 = Release|Any CPU
		{2B9F1477-A21E-4D9A-9967-B663ECE25594}.Debug|Any CPU.ActiveCfg = Debug|Any CPU
		{2B9F1477-A21E-4D9A-9967-B663ECE25594}.Debug|Any CPU.Build.0 = Debug|Any CPU
		{2B9F1477-A21E-4D9A-9967-B663ECE25594}.Debug|x86.ActiveCfg = Debug|Any CPU
		{2B9F1477-A21E-4D9A-9967-B663ECE25594}.Debug|x86.Build.0 = Debug|Any CPU
		{2B9F1477-A21E-4D9A-9967-B663ECE25594}.Release|Any CPU.ActiveCfg = Release|Any CPU
		{2B9F1477-A21E-4D9A-9967-B663ECE25594}.Release|Any CPU.Build.0 = Release|Any CPU
		{2B9F1477-A21E-4D9A-9967-B663ECE25594}.Release|x86.ActiveCfg = Release|Any CPU
		{2B9F1477-A21E-4D9A-9967-B663ECE25594}.Release|x86.Build.0 = Release|Any CPU
		{6B6DFD1B-8A3C-4F66-A3B0-E4EB21F83A3C}.Debug|Any CPU.ActiveCfg = Debug|Any CPU
		{6B6DFD1B-8A3C-4F66-A3B0-E4EB21F83A3C}.Debug|Any CPU.Build.0 = Debug|Any CPU
		{6B6DFD1B-8A3C-4F66-A3B0-E4EB21F83A3C}.Debug|x86.ActiveCfg = Debug|Any CPU
		{6B6DFD1B-8A3C-4F66-A3B0-E4EB21F83A3C}.Debug|x86.Build.0 = Debug|Any CPU
		{6B6DFD1B-8A3C-4F66-A3B0-E4EB21F83A3C}.Release|Any CPU.ActiveCfg = Release|Any CPU
		{6B6DFD1B-8A3C-4F66-A3B0-E4EB21F83A3C}.Release|Any CPU.Build.0 = Release|Any CPU
		{6B6DFD1B-8A3C-4F66-A3B0-E4EB21F83A3C}.Release|x86.ActiveCfg = Release|Any CPU
		{6B6DFD1B-8A3C-4F66-A3B0-E4EB21F83A3C}.Release|x86.Build.0 = Release|Any CPU
		{58D37342-F1ED-4E55-A274-55952FA1AB8D}.Debug|Any CPU.ActiveCfg = Debug|Any CPU
		{58D37342-F1ED-4E55-A274-55952FA1AB8D}.Debug|Any CPU.Build.0 = Debug|Any CPU
		{58D37342-F1ED-4E55-A274-55952FA1AB8D}.Debug|x86.ActiveCfg = Debug|Any CPU
		{58D37342-F1ED-4E55-A274-55952FA1AB8D}.Debug|x86.Build.0 = Debug|Any CPU
		{58D37342-F1ED-4E55-A274-55952FA1AB8D}.Release|Any CPU.ActiveCfg = Release|Any CPU
		{58D37342-F1ED-4E55-A274-55952FA1AB8D}.Release|Any CPU.Build.0 = Release|Any CPU
		{58D37342-F1ED-4E55-A274-55952FA1AB8D}.Release|x86.ActiveCfg = Release|Any CPU
		{58D37342-F1ED-4E55-A274-55952FA1AB8D}.Release|x86.Build.0 = Release|Any CPU
		{CAC43444-21EA-4395-B59C-E347F857BE8D}.Debug|Any CPU.ActiveCfg = Debug|Any CPU
		{CAC43444-21EA-4395-B59C-E347F857BE8D}.Debug|Any CPU.Build.0 = Debug|Any CPU
		{CAC43444-21EA-4395-B59C-E347F857BE8D}.Debug|x86.ActiveCfg = Debug|Any CPU
		{CAC43444-21EA-4395-B59C-E347F857BE8D}.Debug|x86.Build.0 = Debug|Any CPU
		{CAC43444-21EA-4395-B59C-E347F857BE8D}.Release|Any CPU.ActiveCfg = Release|Any CPU
		{CAC43444-21EA-4395-B59C-E347F857BE8D}.Release|Any CPU.Build.0 = Release|Any CPU
		{CAC43444-21EA-4395-B59C-E347F857BE8D}.Release|x86.ActiveCfg = Release|Any CPU
		{CAC43444-21EA-4395-B59C-E347F857BE8D}.Release|x86.Build.0 = Release|Any CPU
	EndGlobalSection
	GlobalSection(SolutionProperties) = preSolution
		HideSolutionNode = FALSE
	EndGlobalSection
	GlobalSection(ExtensibilityGlobals) = postSolution
		SolutionGuid = {9D3BD173-8FB3-44A3-9BCD-E85DA98D13E1}
	EndGlobalSection
EndGlobal
