
Microsoft Visual Studio Solution File, Format Version 11.00
# Visual Studio 2010
Project("{FAE04EC0-301F-11D3-BF4B-00C04F79EFBC}") = "EEPlusTest", "EEPlusTest\EEPlusTest.csproj", "{CAAC583A-92DE-44FD-827E-90A1E9353929}"
EndProject
Global
	GlobalSection(SolutionConfigurationPlatforms) = preSolution
		Debug|x86 = Debug|x86
		Release|x86 = Release|x86
	EndGlobalSection
	GlobalSection(ProjectConfigurationPlatforms) = postSolution
		{CAAC583A-92DE-44FD-827E-90A1E9353929}.Debug|x86.ActiveCfg = Debug|x86
		{CAAC583A-92DE-44FD-827E-90A1E9353929}.Debug|x86.Build.0 = Debug|x86
		{CAAC583A-92DE-44FD-827E-90A1E9353929}.Release|x86.ActiveCfg = Release|x86
		{CAAC583A-92DE-44FD-827E-90A1E9353929}.Release|x86.Build.0 = Release|x86
	EndGlobalSection
	GlobalSection(SolutionProperties) = preSolution
		HideSolutionNode = FALSE
	EndGlobalSection
EndGlobal
